
Microsoft Visual Studio Solution File, Format Version 12.00
# Visual Studio Version 16
VisualStudioVersion = 16.0.31112.23
MinimumVisualStudioVersion = 10.0.40219.1
Project("{FAE04EC0-301F-11D3-BF4B-00C04F79EFBC}") = "Modeling", "Modeling.csproj", "{7AA4AE10-EA8B-4F8A-BF94-BCF81B798695}"
EndProject
Global
	GlobalSection(SolutionConfigurationPlatforms) = preSolution
		Debug|Any CPU = Debug|Any CPU
		Release|Any CPU = Release|Any CPU
	EndGlobalSection
	GlobalSection(ProjectConfigurationPlatforms) = postSolution
		{7AA4AE10-EA8B-4F8A-BF94-BCF81B798695}.Debug|Any CPU.ActiveCfg = Debug|Any CPU
		{7AA4AE10-EA8B-4F8A-BF94-BCF81B798695}.Debug|Any CPU.Build.0 = Debug|Any CPU
		{7AA4AE10-EA8B-4F8A-BF94-BCF81B798695}.Release|Any CPU.ActiveCfg = Release|Any CPU
		{7AA4AE10-EA8B-4F8A-BF94-BCF81B798695}.Release|Any CPU.Build.0 = Release|Any CPU
	EndGlobalSection
	GlobalSection(SolutionProperties) = preSolution
		HideSolutionNode = FALSE
	EndGlobalSection
	GlobalSection(ExtensibilityGlobals) = postSolution
		SolutionGuid = {8EC522AD-9637-4B3B-988B-D722A9DE46C9}
	EndGlobalSection
EndGlobal
